{
    "_readme": [
        "This file locks the dependencies of your project to a known state",
        "Read more about it at https://getcomposer.org/doc/01-basic-usage.md#composer-lock-the-lock-file",
        "This file is @generated automatically"
    ],
    "hash": "0fa9601751116630851ac05b116f6522",
    "content-hash": "ec753913106771fddb92261d9caf1e4d",
    "packages": [
        {
            "name": "guhelski/forecast-php",
            "version": "1.1.1",
            "source": {
                "type": "git",
                "url": "https://github.com/guhelski/forecast-php.git",
                "reference": "7e2ec92484380be20b8f9a6ec5654b820e1d5d67"
            },
            "dist": {
                "type": "zip",
                "url": "https://api.github.com/repos/guhelski/forecast-php/zipball/7e2ec92484380be20b8f9a6ec5654b820e1d5d67",
                "reference": "7e2ec92484380be20b8f9a6ec5654b820e1d5d67",
                "shasum": ""
            },
            "require": {
                "php": ">=5.3.0"
            },
            "type": "library",
            "autoload": {
                "psr-0": {
                    "": "src"
                }
            },
            "notification-url": "https://packagist.org/downloads/",
            "license": [
                "MIT"
            ],
            "authors": [
                {
                    "name": "Guilherme Uhelski",
                    "email": "guilherme@uhelski.org",
                    "homepage": "http://uhelski.org"
                }
            ],
            "description": "Drop dead simple DarkSky.net API v2 wrapper in PHP",
            "keywords": [
                "darksky",
                "darksky.net",
                "forecast",
                "forecast.io",
                "weather"
            ],
            "time": "2016-09-26 04:35:15"
        }
    ],
    "packages-dev": [],
    "aliases": [],
    "minimum-stability": "stable",
    "stability-flags": [],
    "prefer-stable": false,
    "prefer-lowest": false,
    "platform": [],
    "platform-dev": []
}
